
Microsoft Visual Studio Solution File, Format Version 12.00
# Visual Studio 2013
VisualStudioVersion = 14.0.0.0
MinimumVisualStudioVersion = 10.0.0.1
Project("{FAE04EC0-301F-11D3-BF4B-00C04F79EFBC}") = "Core", "Core\Core.csproj", "{7E9DD347-7319-47A2-9084-280BD8CE6D72}"
EndProject
Project("{FAE04EC0-301F-11D3-BF4B-00C04F79EFBC}") = "Core.Test", "Core.Test\Core.Test.csproj", "{70302E23-9B7D-4AAD-817E-F2DFFA7B82A3}"
EndProject
Project("{FAE04EC0-301F-11D3-BF4B-00C04F79EFBC}") = "Crypto", "Crypto\Crypto.csproj", "{E821BCB0-D6D6-4CCB-8257-1809878EB28D}"
EndProject
Project("{FAE04EC0-301F-11D3-BF4B-00C04F79EFBC}") = "Crypto.Test", "Crypto.Test\Crypto.Test.csproj", "{FECB4888-7B24-4D07-8F14-47C6D49694EE}"
EndProject
Global
	GlobalSection(SolutionConfigurationPlatforms) = preSolution
		Debug|x86 = Debug|x86
		Release|x86 = Release|x86
	EndGlobalSection
	GlobalSection(ProjectConfigurationPlatforms) = postSolution
		{7E9DD347-7319-47A2-9084-280BD8CE6D72}.Debug|x86.ActiveCfg = Debug|x86
		{7E9DD347-7319-47A2-9084-280BD8CE6D72}.Debug|x86.Build.0 = Debug|x86
		{7E9DD347-7319-47A2-9084-280BD8CE6D72}.Release|x86.ActiveCfg = Release|x86
		{7E9DD347-7319-47A2-9084-280BD8CE6D72}.Release|x86.Build.0 = Release|x86
		{70302E23-9B7D-4AAD-817E-F2DFFA7B82A3}.Debug|x86.ActiveCfg = Debug|x86
		{70302E23-9B7D-4AAD-817E-F2DFFA7B82A3}.Debug|x86.Build.0 = Debug|x86
		{70302E23-9B7D-4AAD-817E-F2DFFA7B82A3}.Release|x86.ActiveCfg = Release|x86
		{70302E23-9B7D-4AAD-817E-F2DFFA7B82A3}.Release|x86.Build.0 = Release|x86
		{E821BCB0-D6D6-4CCB-8257-1809878EB28D}.Debug|x86.ActiveCfg = Debug|x86
		{E821BCB0-D6D6-4CCB-8257-1809878EB28D}.Debug|x86.Build.0 = Debug|x86
		{E821BCB0-D6D6-4CCB-8257-1809878EB28D}.Release|x86.ActiveCfg = Release|x86
		{E821BCB0-D6D6-4CCB-8257-1809878EB28D}.Release|x86.Build.0 = Release|x86
		{FECB4888-7B24-4D07-8F14-47C6D49694EE}.Debug|x86.ActiveCfg = Debug|x86
		{FECB4888-7B24-4D07-8F14-47C6D49694EE}.Debug|x86.Build.0 = Debug|x86
		{FECB4888-7B24-4D07-8F14-47C6D49694EE}.Release|x86.ActiveCfg = Release|x86
		{FECB4888-7B24-4D07-8F14-47C6D49694EE}.Release|x86.Build.0 = Release|x86
	EndGlobalSection
	GlobalSection(SolutionProperties) = preSolution
		HideSolutionNode = FALSE
	EndGlobalSection
EndGlobal
